# This file is autogenerated, do not edit; changes may be undone by the next 'dep ensure'.


[[projects]]
  branch = "master"
  name = "github.com/coreos/go-systemd"
  packages = ["journal"]
  revision = "6d2228f4bf461b3987f0372d72e1b7fd7bca9f1c"

[[projects]]
  name = "github.com/sirupsen/logrus"
  packages = ["."]
  revision = "202f25545ea4cf9b191ff7f846df5d87c9382c2b"
  version = "v1.0.0"

[[projects]]
  branch = "master"
  name = "golang.org/x/sys"
  packages = ["unix"]
  revision = "0b25a408a50076fbbcae6b7ac0ea5fbb0b085e79"

[solve-meta]
  analyzer-name = "dep"
  analyzer-version = 1
  inputs-digest = "cb0487778c0c585dd8f95302bfef778a90d49fa610d1a4be55c759eae1e45bb4"
  solver-name = "gps-cdcl"
  solver-version = 1
